Quantum Computing Event-driven Architecture Security Data Science Difficult roads often lead to beautiful destinations. Agile Blockchain Distributed Systems API Gateway Performance A/B Testing Kubernetes Containerization RabbitMQ Algorithm
Edge Computing Cache Invalidation If you can dream it, you can do it. Success is how high you bounce when you hit bottom. Success is not in what you have, but who you are.
