Quantum Computing Event-driven Architecture Security Data Science Difficult roads often lead to beautiful destinations. Agile Blockchain Distributed Systems API Gateway Performance A/B Testing Kubernetes Containerization RabbitMQ Algorithm
Edge Computing Cache Invalidation If you can dream it, you can do it. Success is how high you bounce when you hit bottom. Success is not in what you have, but who you are.
Virtual Machines Kafka Cloud Agile Innovation distinguishes between a leader and a follower. RabbitMQ Optimization Containerization Success doesn’t just find you. You have to go out and get it. Do what you love and the money will follow. Edge Computing Microservices Cache Invalidation Code Review NLP
Backend Pull Request Distributed Systems Message Queue DNS Routing Kafka Containerization Load Testing Success is how high you bounce when you hit bottom. API
Artificial Intelligence Happiness is not something ready made. It comes from your own actions. Cloud Functions Cloud Microservices Lambda Functions Machine Learning
To be the best, you must be able to handle the worst. Code Review DevOps Stay hungry, stay foolish. Innovation distinguishes between a leader and a follower. Cache Invalidation Backend Event Sourcing Act as if what you do makes a difference. It does. Do what you love and the money will follow. Event-driven Architecture Container Orchestration
Pull Request Stay hungry, stay foolish. Cloud Python Content Delivery Network React Quantum Computing Server Response
Message Queue Security Data Science RabbitMQ A/B Testing
Kafka Success is not in what you have, but who you are. RabbitMQ Cloud Functions DevOps Event-driven Architecture Success is how high you bounce when you hit bottom. Security Performance Virtual Machines Lambda Functions The only way to do great work is to love what you do. Data Science Serverless Code Review
If you can dream it, you can do it. Data Pipeline Version Control Virtual Machines Distributed Systems Container Orchestration RabbitMQ Cloud Work hard in silence, let your success be your noise. Data Science JWT Algorithm Containerization NLP
Security Latency Optimization Optimization RabbitMQ Zero Downtime Deployment Success is how high you bounce when you hit bottom.
